
Microsoft Visual Studio Solution File, Format Version 12.00
# Visual Studio 2013
VisualStudioVersion = 12.0.0.0
MinimumVisualStudioVersion = 10.0.0.1
Project("{FAE04EC0-301F-11D3-BF4B-00C04F79EFBC}") = "CM_Wrapper", "CM_Wrapper\CM_Wrapper.csproj", "{F26098C5-D5CB-4A89-A976-4875B12C9C5E}"
EndProject
Project("{FAE04EC0-301F-11D3-BF4B-00C04F79EFBC}") = "Test_Wrapper", "Test_Wrapper\Test_Wrapper.csproj", "{006154E0-086A-4B7D-9FF4-9F89B2C2681C}"
EndProject
Global
	GlobalSection(SolutionConfigurationPlatforms) = preSolution
		Debug|Any CPU = Debug|Any CPU
		Release|Any CPU = Release|Any CPU
	EndGlobalSection
	GlobalSection(ProjectConfigurationPlatforms) = postSolution
		{F26098C5-D5CB-4A89-A976-4875B12C9C5E}.Debug|Any CPU.ActiveCfg = Debug|Any CPU
		{F26098C5-D5CB-4A89-A976-4875B12C9C5E}.Debug|Any CPU.Build.0 = Debug|Any CPU
		{F26098C5-D5CB-4A89-A976-4875B12C9C5E}.Release|Any CPU.ActiveCfg = Release|Any CPU
		{F26098C5-D5CB-4A89-A976-4875B12C9C5E}.Release|Any CPU.Build.0 = Release|Any CPU
		{006154E0-086A-4B7D-9FF4-9F89B2C2681C}.Debug|Any CPU.ActiveCfg = Debug|Any CPU
		{006154E0-086A-4B7D-9FF4-9F89B2C2681C}.Debug|Any CPU.Build.0 = Debug|Any CPU
		{006154E0-086A-4B7D-9FF4-9F89B2C2681C}.Release|Any CPU.ActiveCfg = Release|Any CPU
		{006154E0-086A-4B7D-9FF4-9F89B2C2681C}.Release|Any CPU.Build.0 = Release|Any CPU
	EndGlobalSection
	GlobalSection(SolutionProperties) = preSolution
		HideSolutionNode = FALSE
	EndGlobalSection
EndGlobal
